schema: '2.0'
stages:
  clean:
    cmd: python src/data_clean.py
    deps:
    - path: data/raw/archive/eruptions.csv
      hash: md5
      md5: 91ab2ad98dec31b22e7201d17a844511
      size: 1212609
    - path: data/raw/archive/events.csv
      hash: md5
      md5: c6c5773a422ad271af34041f91be4606
      size: 2646291
    - path: data/raw/archive/volcano.csv
      hash: md5
      md5: 5cff10416b9f922a2be6afaed2602292
      size: 254788
    - path: src/data_clean.py
      hash: md5
      md5: a894a9573e85ae86c73c189eb18f2b84
      size: 2959
    outs:
    - path: data/clean/eruptions.csv
      hash: md5
      md5: 8a35101a386097ce4ba16fe56b7df001
      size: 1157810
    - path: data/clean/events.csv
      hash: md5
      md5: c23427877e5b503d530ba16bebda30bc
      size: 2073672
    - path: data/clean/volcano.csv
      hash: md5
      md5: b3109a7386957afe91a67a304960a946
      size: 254816
  prepare_data:
    cmd: python src/prepare_data.py
    deps:
    - path: data/clean/eruptions.csv
      hash: md5
      md5: 8a35101a386097ce4ba16fe56b7df001
      size: 1157810
    - path: data/clean/events.csv
      hash: md5
      md5: c23427877e5b503d530ba16bebda30bc
      size: 2073672
    - path: data/clean/volcano.csv
      hash: md5
      md5: b3109a7386957afe91a67a304960a946
      size: 254816
    - path: src/prepare_data.py
      hash: md5
      md5: 91b2781d9d505708fe4faa22c00609c8
      size: 2033
    outs:
    - path: data/model_input/test.csv
      hash: md5
      md5: 16b187fcf99b852287811c48c7922c83
      size: 3347186
    - path: data/model_input/train.csv
      hash: md5
      md5: 1f7025eb86795104d106044cf2041e49
      size: 13336956
  train_model:
    cmd: python src/train_classifier.py
    deps:
    - path: data/model_input/test.csv
      hash: md5
      md5: 16b187fcf99b852287811c48c7922c83
      size: 3347186
    - path: data/model_input/train.csv
      hash: md5
      md5: 1f7025eb86795104d106044cf2041e49
      size: 13336956
    - path: src/train_classifier.py
      hash: md5
      md5: a18a5a4560bb11dd6f3442a1401e85d8
      size: 3349
    outs:
    - path: models/model.joblib
      hash: md5
      md5: 1c9b0f6c427657fc4a4d49f08ebde027
      size: 104697042
